
Microsoft Visual Studio Solution File, Format Version 12.00
# Visual Studio Version 17
VisualStudioVersion = 17.10.35201.131
MinimumVisualStudioVersion = 10.0.40219.1
Project("{FAE04EC0-301F-11D3-BF4B-00C04F79EFBC}") = "DeanOfficeInformationSystem", "DeanOfficeInformationSystem\DeanOfficeInformationSystem.csproj", "{CCC3D45A-E74D-450A-AA8D-88CC88E51769}"
EndProject
Global
	GlobalSection(SolutionConfigurationPlatforms) = preSolution
		Debug|Any CPU = Debug|Any CPU
		Release|Any CPU = Release|Any CPU
	EndGlobalSection
	GlobalSection(ProjectConfigurationPlatforms) = postSolution
		{CCC3D45A-E74D-450A-AA8D-88CC88E51769}.Debug|Any CPU.ActiveCfg = Debug|Any CPU
		{CCC3D45A-E74D-450A-AA8D-88CC88E51769}.Debug|Any CPU.Build.0 = Debug|Any CPU
		{CCC3D45A-E74D-450A-AA8D-88CC88E51769}.Release|Any CPU.ActiveCfg = Release|Any CPU
		{CCC3D45A-E74D-450A-AA8D-88CC88E51769}.Release|Any CPU.Build.0 = Release|Any CPU
	EndGlobalSection
	GlobalSection(SolutionProperties) = preSolution
		HideSolutionNode = FALSE
	EndGlobalSection
	GlobalSection(ExtensibilityGlobals) = postSolution
		SolutionGuid = {11B4A97C-2A20-4B70-9C1F-CA32EB414842}
	EndGlobalSection
EndGlobal
